
Microsoft Visual Studio Solution File, Format Version 12.00
# Visual Studio 15
VisualStudioVersion = 15.0.26730.15
MinimumVisualStudioVersion = 10.0.40219.1
Project("{FAE04EC0-301F-11D3-BF4B-00C04F79EFBC}") = "Mockup2", "Mockup2\Mockup2.csproj", "{BD340830-9BE6-4E6B-836B-D002E69CBDB9}"
EndProject
Project("{2150E333-8FDC-42A3-9474-1A3956D46DE8}") = "Solution Items", "Solution Items", "{9F3D2F11-077B-4939-8972-52032A322092}"
EndProject
Project("{FAE04EC0-301F-11D3-BF4B-00C04F79EFBC}") = "UnitTests", "UnitTests\UnitTests.csproj", "{9A8EEA57-D0DB-4D2A-9BD0-E43769FA36D1}"
EndProject
Global
	GlobalSection(SolutionConfigurationPlatforms) = preSolution
		Debug|Any CPU = Debug|Any CPU
		Release|Any CPU = Release|Any CPU
	EndGlobalSection
	GlobalSection(ProjectConfigurationPlatforms) = postSolution
		{BD340830-9BE6-4E6B-836B-D002E69CBDB9}.Debug|Any CPU.ActiveCfg = Debug|Any CPU
		{BD340830-9BE6-4E6B-836B-D002E69CBDB9}.Debug|Any CPU.Build.0 = Debug|Any CPU
		{BD340830-9BE6-4E6B-836B-D002E69CBDB9}.Release|Any CPU.ActiveCfg = Release|Any CPU
		{BD340830-9BE6-4E6B-836B-D002E69CBDB9}.Release|Any CPU.Build.0 = Release|Any CPU
		{9A8EEA57-D0DB-4D2A-9BD0-E43769FA36D1}.Debug|Any CPU.ActiveCfg = Debug|Any CPU
		{9A8EEA57-D0DB-4D2A-9BD0-E43769FA36D1}.Debug|Any CPU.Build.0 = Debug|Any CPU
		{9A8EEA57-D0DB-4D2A-9BD0-E43769FA36D1}.Release|Any CPU.ActiveCfg = Release|Any CPU
		{9A8EEA57-D0DB-4D2A-9BD0-E43769FA36D1}.Release|Any CPU.Build.0 = Release|Any CPU
	EndGlobalSection
	GlobalSection(SolutionProperties) = preSolution
		HideSolutionNode = FALSE
	EndGlobalSection
	GlobalSection(ExtensibilityGlobals) = postSolution
		SolutionGuid = {02086065-A963-48CA-A735-BC90AFE3E09A}
	EndGlobalSection
EndGlobal
